
Microsoft Visual Studio Solution File, Format Version 12.00
# Visual Studio Version 17
VisualStudioVersion = 17.0.31912.275
MinimumVisualStudioVersion = 10.0.40219.1
Project("{FAE04EC0-301F-11D3-BF4B-00C04F79EFBC}") = "Pharmacy Management System", "Pharmacy Management System.csproj", "{D113B013-31EF-4BCC-8D3F-1AA58007E73F}"
EndProject
Global
	GlobalSection(SolutionConfigurationPlatforms) = preSolution
		Debug|Any CPU = Debug|Any CPU
		Release|Any CPU = Release|Any CPU
	EndGlobalSection
	GlobalSection(ProjectConfigurationPlatforms) = postSolution
		{D113B013-31EF-4BCC-8D3F-1AA58007E73F}.Debug|Any CPU.ActiveCfg = Debug|Any CPU
		{D113B013-31EF-4BCC-8D3F-1AA58007E73F}.Debug|Any CPU.Build.0 = Debug|Any CPU
		{D113B013-31EF-4BCC-8D3F-1AA58007E73F}.Release|Any CPU.ActiveCfg = Release|Any CPU
		{D113B013-31EF-4BCC-8D3F-1AA58007E73F}.Release|Any CPU.Build.0 = Release|Any CPU
	EndGlobalSection
	GlobalSection(SolutionProperties) = preSolution
		HideSolutionNode = FALSE
	EndGlobalSection
	GlobalSection(ExtensibilityGlobals) = postSolution
		SolutionGuid = {76DB1D51-6C0F-45E4-BB08-E3827779365B}
	EndGlobalSection
EndGlobal
